
Microsoft Visual Studio Solution File, Format Version 12.00
# Visual Studio Version 16
VisualStudioVersion = 16.0.30621.155
MinimumVisualStudioVersion = 10.0.40219.1
Project("{8BC9CEB8-8B4A-11D0-8D11-00A0C91BC942}") = "OS07_03A", "OS07_03A\OS07_03A.vcxproj", "{A3480418-394C-4F40-8651-90CB8C607D4C}"
EndProject
Global
	GlobalSection(SolutionConfigurationPlatforms) = preSolution
		Debug|x64 = Debug|x64
		Debug|x86 = Debug|x86
		Release|x64 = Release|x64
		Release|x86 = Release|x86
	EndGlobalSection
	GlobalSection(ProjectConfigurationPlatforms) = postSolution
		{A3480418-394C-4F40-8651-90CB8C607D4C}.Debug|x64.ActiveCfg = Debug|x64
		{A3480418-394C-4F40-8651-90CB8C607D4C}.Debug|x64.Build.0 = Debug|x64
		{A3480418-394C-4F40-8651-90CB8C607D4C}.Debug|x86.ActiveCfg = Debug|Win32
		{A3480418-394C-4F40-8651-90CB8C607D4C}.Debug|x86.Build.0 = Debug|Win32
		{A3480418-394C-4F40-8651-90CB8C607D4C}.Release|x64.ActiveCfg = Release|x64
		{A3480418-394C-4F40-8651-90CB8C607D4C}.Release|x64.Build.0 = Release|x64
		{A3480418-394C-4F40-8651-90CB8C607D4C}.Release|x86.ActiveCfg = Release|Win32
		{A3480418-394C-4F40-8651-90CB8C607D4C}.Release|x86.Build.0 = Release|Win32
	EndGlobalSection
	GlobalSection(SolutionProperties) = preSolution
		HideSolutionNode = FALSE
	EndGlobalSection
	GlobalSection(ExtensibilityGlobals) = postSolution
		SolutionGuid = {DDAFC69F-3822-43BE-847F-9E2333860070}
	EndGlobalSection
EndGlobal
